
Microsoft Visual Studio Solution File, Format Version 12.00
# Visual Studio Version 17
VisualStudioVersion = 17.11.35312.102
MinimumVisualStudioVersion = 10.0.40219.1
Project("{FAE04EC0-301F-11D3-BF4B-00C04F79EFBC}") = "gyakorlasAPlaningPokerre", "gyakorlasAPlaningPokerre\gyakorlasAPlaningPokerre.csproj", "{798CB460-4C91-4EE5-AB38-27DB1D71CA37}"
EndProject
Global
	GlobalSection(SolutionConfigurationPlatforms) = preSolution
		Debug|Any CPU = Debug|Any CPU
		Release|Any CPU = Release|Any CPU
	EndGlobalSection
	GlobalSection(ProjectConfigurationPlatforms) = postSolution
		{798CB460-4C91-4EE5-AB38-27DB1D71CA37}.Debug|Any CPU.ActiveCfg = Debug|Any CPU
		{798CB460-4C91-4EE5-AB38-27DB1D71CA37}.Debug|Any CPU.Build.0 = Debug|Any CPU
		{798CB460-4C91-4EE5-AB38-27DB1D71CA37}.Release|Any CPU.ActiveCfg = Release|Any CPU
		{798CB460-4C91-4EE5-AB38-27DB1D71CA37}.Release|Any CPU.Build.0 = Release|Any CPU
	EndGlobalSection
	GlobalSection(SolutionProperties) = preSolution
		HideSolutionNode = FALSE
	EndGlobalSection
	GlobalSection(ExtensibilityGlobals) = postSolution
		SolutionGuid = {3298CE19-6A04-4FD3-BE0F-5F6CA2B4DA73}
	EndGlobalSection
EndGlobal
