
Microsoft Visual Studio Solution File, Format Version 12.00
# Visual Studio Version 17
VisualStudioVersion = 17.7.34221.43
MinimumVisualStudioVersion = 10.0.40219.1
Project("{FAE04EC0-301F-11D3-BF4B-00C04F79EFBC}") = "Feladat2", "Feladat2\Feladat2.csproj", "{F4410A91-3861-4425-8B00-8B384AF53DA7}"
EndProject
Global
	GlobalSection(SolutionConfigurationPlatforms) = preSolution
		Debug|Any CPU = Debug|Any CPU
		Release|Any CPU = Release|Any CPU
	EndGlobalSection
	GlobalSection(ProjectConfigurationPlatforms) = postSolution
		{F4410A91-3861-4425-8B00-8B384AF53DA7}.Debug|Any CPU.ActiveCfg = Debug|Any CPU
		{F4410A91-3861-4425-8B00-8B384AF53DA7}.Debug|Any CPU.Build.0 = Debug|Any CPU
		{F4410A91-3861-4425-8B00-8B384AF53DA7}.Release|Any CPU.ActiveCfg = Release|Any CPU
		{F4410A91-3861-4425-8B00-8B384AF53DA7}.Release|Any CPU.Build.0 = Release|Any CPU
	EndGlobalSection
	GlobalSection(SolutionProperties) = preSolution
		HideSolutionNode = FALSE
	EndGlobalSection
	GlobalSection(ExtensibilityGlobals) = postSolution
		SolutionGuid = {7B7B1632-E2EB-4ADE-8098-E935B35DEE6F}
	EndGlobalSection
EndGlobal
